
Microsoft Visual Studio Solution File, Format Version 12.00
# Visual Studio Version 17
VisualStudioVersion = 17.0.31903.59
MinimumVisualStudioVersion = 10.0.40219.1
Project("{FAE04EC0-301F-11D3-BF4B-00C04F79EFBC}") = "PromptDisplay", "Machine.Console\PromptDisplay.csproj", "{3A0642DA-5916-4173-A5EF-36A9E2A72F78}"
EndProject
Project("{FAE04EC0-301F-11D3-BF4B-00C04F79EFBC}") = "CheckBalance", "Machine.CheckBalance\CheckBalance.csproj", "{3006BB47-B6C3-4B0B-BBFF-11CC0F439EE2}"
EndProject
Project("{FAE04EC0-301F-11D3-BF4B-00C04F79EFBC}") = "Deposit", "Machine.Deposit\Deposit.csproj", "{8F49AD16-9DFB-4D24-A1DD-707158CD87AE}"
EndProject
Project("{FAE04EC0-301F-11D3-BF4B-00C04F79EFBC}") = "Utilities", "Machine.Shared\Utilities.csproj", "{53E4A3B1-1438-4C61-8BD9-3F7862D7D35F}"
EndProject
Project("{FAE04EC0-301F-11D3-BF4B-00C04F79EFBC}") = "Withdrawal", "Machine.Withdraw\Withdrawal.csproj", "{47852609-E33D-435B-9096-50B146D52718}"
EndProject
Global
	GlobalSection(SolutionConfigurationPlatforms) = preSolution
		Debug|Any CPU = Debug|Any CPU
		Release|Any CPU = Release|Any CPU
	EndGlobalSection
	GlobalSection(SolutionProperties) = preSolution
		HideSolutionNode = FALSE
	EndGlobalSection
	GlobalSection(ProjectConfigurationPlatforms) = postSolution
		{3A0642DA-5916-4173-A5EF-36A9E2A72F78}.Debug|Any CPU.ActiveCfg = Debug|Any CPU
		{3A0642DA-5916-4173-A5EF-36A9E2A72F78}.Debug|Any CPU.Build.0 = Debug|Any CPU
		{3A0642DA-5916-4173-A5EF-36A9E2A72F78}.Release|Any CPU.ActiveCfg = Release|Any CPU
		{3A0642DA-5916-4173-A5EF-36A9E2A72F78}.Release|Any CPU.Build.0 = Release|Any CPU
		{3006BB47-B6C3-4B0B-BBFF-11CC0F439EE2}.Debug|Any CPU.ActiveCfg = Debug|Any CPU
		{3006BB47-B6C3-4B0B-BBFF-11CC0F439EE2}.Debug|Any CPU.Build.0 = Debug|Any CPU
		{3006BB47-B6C3-4B0B-BBFF-11CC0F439EE2}.Release|Any CPU.ActiveCfg = Release|Any CPU
		{3006BB47-B6C3-4B0B-BBFF-11CC0F439EE2}.Release|Any CPU.Build.0 = Release|Any CPU
		{8F49AD16-9DFB-4D24-A1DD-707158CD87AE}.Debug|Any CPU.ActiveCfg = Debug|Any CPU
		{8F49AD16-9DFB-4D24-A1DD-707158CD87AE}.Debug|Any CPU.Build.0 = Debug|Any CPU
		{8F49AD16-9DFB-4D24-A1DD-707158CD87AE}.Release|Any CPU.ActiveCfg = Release|Any CPU
		{8F49AD16-9DFB-4D24-A1DD-707158CD87AE}.Release|Any CPU.Build.0 = Release|Any CPU
		{53E4A3B1-1438-4C61-8BD9-3F7862D7D35F}.Debug|Any CPU.ActiveCfg = Debug|Any CPU
		{53E4A3B1-1438-4C61-8BD9-3F7862D7D35F}.Debug|Any CPU.Build.0 = Debug|Any CPU
		{53E4A3B1-1438-4C61-8BD9-3F7862D7D35F}.Release|Any CPU.ActiveCfg = Release|Any CPU
		{53E4A3B1-1438-4C61-8BD9-3F7862D7D35F}.Release|Any CPU.Build.0 = Release|Any CPU
		{47852609-E33D-435B-9096-50B146D52718}.Debug|Any CPU.ActiveCfg = Debug|Any CPU
		{47852609-E33D-435B-9096-50B146D52718}.Debug|Any CPU.Build.0 = Debug|Any CPU
		{47852609-E33D-435B-9096-50B146D52718}.Release|Any CPU.ActiveCfg = Release|Any CPU
		{47852609-E33D-435B-9096-50B146D52718}.Release|Any CPU.Build.0 = Release|Any CPU
	EndGlobalSection
EndGlobal
